
Microsoft Visual Studio Solution File, Format Version 12.00
Project("{FAE04EC0-301F-11D3-BF4B-00C04F79EFBC}") = "Exc1", "Exc1\Exc1.csproj", "{5758CE52-9424-4CBC-A2B4-B223ACF115FF}"
EndProject
Project("{FAE04EC0-301F-11D3-BF4B-00C04F79EFBC}") = "Exc2", "Exc2\Exc2.csproj", "{B9C32990-9770-400A-8CA8-43A0B251EFAB}"
EndProject
Project("{FAE04EC0-301F-11D3-BF4B-00C04F79EFBC}") = "Exc3", "Exc3\Exc3.csproj", "{16623B70-0434-4DA8-88BB-144480693EF2}"
EndProject
Project("{FAE04EC0-301F-11D3-BF4B-00C04F79EFBC}") = "Exc4", "Exc4\Exc4.csproj", "{E3DEF620-74DF-43D3-B573-A225C01A0893}"
EndProject
Global
	GlobalSection(SolutionConfigurationPlatforms) = preSolution
		Debug|Any CPU = Debug|Any CPU
		Release|Any CPU = Release|Any CPU
	EndGlobalSection
	GlobalSection(ProjectConfigurationPlatforms) = postSolution
		{5758CE52-9424-4CBC-A2B4-B223ACF115FF}.Debug|Any CPU.ActiveCfg = Debug|Any CPU
		{5758CE52-9424-4CBC-A2B4-B223ACF115FF}.Debug|Any CPU.Build.0 = Debug|Any CPU
		{5758CE52-9424-4CBC-A2B4-B223ACF115FF}.Release|Any CPU.ActiveCfg = Release|Any CPU
		{5758CE52-9424-4CBC-A2B4-B223ACF115FF}.Release|Any CPU.Build.0 = Release|Any CPU
		{B9C32990-9770-400A-8CA8-43A0B251EFAB}.Debug|Any CPU.ActiveCfg = Debug|Any CPU
		{B9C32990-9770-400A-8CA8-43A0B251EFAB}.Debug|Any CPU.Build.0 = Debug|Any CPU
		{B9C32990-9770-400A-8CA8-43A0B251EFAB}.Release|Any CPU.ActiveCfg = Release|Any CPU
		{B9C32990-9770-400A-8CA8-43A0B251EFAB}.Release|Any CPU.Build.0 = Release|Any CPU
		{16623B70-0434-4DA8-88BB-144480693EF2}.Debug|Any CPU.ActiveCfg = Debug|Any CPU
		{16623B70-0434-4DA8-88BB-144480693EF2}.Debug|Any CPU.Build.0 = Debug|Any CPU
		{16623B70-0434-4DA8-88BB-144480693EF2}.Release|Any CPU.ActiveCfg = Release|Any CPU
		{16623B70-0434-4DA8-88BB-144480693EF2}.Release|Any CPU.Build.0 = Release|Any CPU
		{E3DEF620-74DF-43D3-B573-A225C01A0893}.Debug|Any CPU.ActiveCfg = Debug|Any CPU
		{E3DEF620-74DF-43D3-B573-A225C01A0893}.Debug|Any CPU.Build.0 = Debug|Any CPU
		{E3DEF620-74DF-43D3-B573-A225C01A0893}.Release|Any CPU.ActiveCfg = Release|Any CPU
		{E3DEF620-74DF-43D3-B573-A225C01A0893}.Release|Any CPU.Build.0 = Release|Any CPU
	EndGlobalSection
EndGlobal
