
Microsoft Visual Studio Solution File, Format Version 12.00
Project("{FAE04EC0-301F-11D3-BF4B-00C04F79EFBC}") = "Exc1", "Exc1\Exc1.csproj", "{9E7E4D6E-BDA2-4379-A242-0C35E805DDF4}"
EndProject
Project("{FAE04EC0-301F-11D3-BF4B-00C04F79EFBC}") = "Exc2", "Exc2\Exc2.csproj", "{B573D384-D517-4B16-A687-8AB98B03625A}"
EndProject
Project("{FAE04EC0-301F-11D3-BF4B-00C04F79EFBC}") = "Exc3", "Exc3\Exc3.csproj", "{E7B77267-192F-475D-9BFA-F969BC20FDDF}"
EndProject
Project("{FAE04EC0-301F-11D3-BF4B-00C04F79EFBC}") = "Exc4", "Exc4\Exc4.csproj", "{1CC8BFA1-4B23-4D22-8168-B7B95CEBF5A9}"
EndProject
Project("{FAE04EC0-301F-11D3-BF4B-00C04F79EFBC}") = "Exc5", "Exc5\Exc5.csproj", "{DE72414D-0DAC-415B-AB19-9F5CEE4B0E97}"
EndProject
Project("{FAE04EC0-301F-11D3-BF4B-00C04F79EFBC}") = "Exc6", "Exc6\Exc6.csproj", "{A72B7537-5E3A-431F-9622-E99E1B02A2FE}"
EndProject
Project("{FAE04EC0-301F-11D3-BF4B-00C04F79EFBC}") = "Exc7", "Exc7\Exc7.csproj", "{30579C44-5511-4D20-9E38-45BC167B81AE}"
EndProject
Project("{FAE04EC0-301F-11D3-BF4B-00C04F79EFBC}") = "Exc8", "Exc8\Exc8.csproj", "{B6E563C8-3A4A-4D79-9592-1822755D6F55}"
EndProject
Project("{FAE04EC0-301F-11D3-BF4B-00C04F79EFBC}") = "Exc9", "Exc9\Exc9.csproj", "{BB4FE428-11B3-460A-9025-881695C3F983}"
EndProject
Project("{FAE04EC0-301F-11D3-BF4B-00C04F79EFBC}") = "Exc10", "Exc10\Exc10.csproj", "{19CA4035-275F-4A72-AC8D-AB562E574604}"
EndProject
Global
	GlobalSection(SolutionConfigurationPlatforms) = preSolution
		Debug|Any CPU = Debug|Any CPU
		Release|Any CPU = Release|Any CPU
	EndGlobalSection
	GlobalSection(ProjectConfigurationPlatforms) = postSolution
		{9E7E4D6E-BDA2-4379-A242-0C35E805DDF4}.Debug|Any CPU.ActiveCfg = Debug|Any CPU
		{9E7E4D6E-BDA2-4379-A242-0C35E805DDF4}.Debug|Any CPU.Build.0 = Debug|Any CPU
		{9E7E4D6E-BDA2-4379-A242-0C35E805DDF4}.Release|Any CPU.ActiveCfg = Release|Any CPU
		{9E7E4D6E-BDA2-4379-A242-0C35E805DDF4}.Release|Any CPU.Build.0 = Release|Any CPU
		{B573D384-D517-4B16-A687-8AB98B03625A}.Debug|Any CPU.ActiveCfg = Debug|Any CPU
		{B573D384-D517-4B16-A687-8AB98B03625A}.Debug|Any CPU.Build.0 = Debug|Any CPU
		{B573D384-D517-4B16-A687-8AB98B03625A}.Release|Any CPU.ActiveCfg = Release|Any CPU
		{B573D384-D517-4B16-A687-8AB98B03625A}.Release|Any CPU.Build.0 = Release|Any CPU
		{E7B77267-192F-475D-9BFA-F969BC20FDDF}.Debug|Any CPU.ActiveCfg = Debug|Any CPU
		{E7B77267-192F-475D-9BFA-F969BC20FDDF}.Debug|Any CPU.Build.0 = Debug|Any CPU
		{E7B77267-192F-475D-9BFA-F969BC20FDDF}.Release|Any CPU.ActiveCfg = Release|Any CPU
		{E7B77267-192F-475D-9BFA-F969BC20FDDF}.Release|Any CPU.Build.0 = Release|Any CPU
		{1CC8BFA1-4B23-4D22-8168-B7B95CEBF5A9}.Debug|Any CPU.ActiveCfg = Debug|Any CPU
		{1CC8BFA1-4B23-4D22-8168-B7B95CEBF5A9}.Debug|Any CPU.Build.0 = Debug|Any CPU
		{1CC8BFA1-4B23-4D22-8168-B7B95CEBF5A9}.Release|Any CPU.ActiveCfg = Release|Any CPU
		{1CC8BFA1-4B23-4D22-8168-B7B95CEBF5A9}.Release|Any CPU.Build.0 = Release|Any CPU
		{DE72414D-0DAC-415B-AB19-9F5CEE4B0E97}.Debug|Any CPU.ActiveCfg = Debug|Any CPU
		{DE72414D-0DAC-415B-AB19-9F5CEE4B0E97}.Debug|Any CPU.Build.0 = Debug|Any CPU
		{DE72414D-0DAC-415B-AB19-9F5CEE4B0E97}.Release|Any CPU.ActiveCfg = Release|Any CPU
		{DE72414D-0DAC-415B-AB19-9F5CEE4B0E97}.Release|Any CPU.Build.0 = Release|Any CPU
		{A72B7537-5E3A-431F-9622-E99E1B02A2FE}.Debug|Any CPU.ActiveCfg = Debug|Any CPU
		{A72B7537-5E3A-431F-9622-E99E1B02A2FE}.Debug|Any CPU.Build.0 = Debug|Any CPU
		{A72B7537-5E3A-431F-9622-E99E1B02A2FE}.Release|Any CPU.ActiveCfg = Release|Any CPU
		{A72B7537-5E3A-431F-9622-E99E1B02A2FE}.Release|Any CPU.Build.0 = Release|Any CPU
		{30579C44-5511-4D20-9E38-45BC167B81AE}.Debug|Any CPU.ActiveCfg = Debug|Any CPU
		{30579C44-5511-4D20-9E38-45BC167B81AE}.Debug|Any CPU.Build.0 = Debug|Any CPU
		{30579C44-5511-4D20-9E38-45BC167B81AE}.Release|Any CPU.ActiveCfg = Release|Any CPU
		{30579C44-5511-4D20-9E38-45BC167B81AE}.Release|Any CPU.Build.0 = Release|Any CPU
		{B6E563C8-3A4A-4D79-9592-1822755D6F55}.Debug|Any CPU.ActiveCfg = Debug|Any CPU
		{B6E563C8-3A4A-4D79-9592-1822755D6F55}.Debug|Any CPU.Build.0 = Debug|Any CPU
		{B6E563C8-3A4A-4D79-9592-1822755D6F55}.Release|Any CPU.ActiveCfg = Release|Any CPU
		{B6E563C8-3A4A-4D79-9592-1822755D6F55}.Release|Any CPU.Build.0 = Release|Any CPU
		{BB4FE428-11B3-460A-9025-881695C3F983}.Debug|Any CPU.ActiveCfg = Debug|Any CPU
		{BB4FE428-11B3-460A-9025-881695C3F983}.Debug|Any CPU.Build.0 = Debug|Any CPU
		{BB4FE428-11B3-460A-9025-881695C3F983}.Release|Any CPU.ActiveCfg = Release|Any CPU
		{BB4FE428-11B3-460A-9025-881695C3F983}.Release|Any CPU.Build.0 = Release|Any CPU
		{19CA4035-275F-4A72-AC8D-AB562E574604}.Debug|Any CPU.ActiveCfg = Debug|Any CPU
		{19CA4035-275F-4A72-AC8D-AB562E574604}.Debug|Any CPU.Build.0 = Debug|Any CPU
		{19CA4035-275F-4A72-AC8D-AB562E574604}.Release|Any CPU.ActiveCfg = Release|Any CPU
		{19CA4035-275F-4A72-AC8D-AB562E574604}.Release|Any CPU.Build.0 = Release|Any CPU
	EndGlobalSection
EndGlobal
