
Microsoft Visual Studio Solution File, Format Version 12.00
Project("{FAE04EC0-301F-11D3-BF4B-00C04F79EFBC}") = "Exc1", "Exc1\Exc1.csproj", "{139476F6-80B9-4640-87F4-6D59D0E2DC73}"
EndProject
Project("{FAE04EC0-301F-11D3-BF4B-00C04F79EFBC}") = "Exc2", "Exc2\Exc2.csproj", "{DDDB44CB-8AE7-435F-88C2-3610FD1CD27F}"
EndProject
Project("{FAE04EC0-301F-11D3-BF4B-00C04F79EFBC}") = "Exc3", "Exc3\Exc3.csproj", "{59CB3AA0-92CF-4F15-9D21-9EFCEE80E0B2}"
EndProject
Global
	GlobalSection(SolutionConfigurationPlatforms) = preSolution
		Debug|Any CPU = Debug|Any CPU
		Release|Any CPU = Release|Any CPU
	EndGlobalSection
	GlobalSection(ProjectConfigurationPlatforms) = postSolution
		{139476F6-80B9-4640-87F4-6D59D0E2DC73}.Debug|Any CPU.ActiveCfg = Debug|Any CPU
		{139476F6-80B9-4640-87F4-6D59D0E2DC73}.Debug|Any CPU.Build.0 = Debug|Any CPU
		{139476F6-80B9-4640-87F4-6D59D0E2DC73}.Release|Any CPU.ActiveCfg = Release|Any CPU
		{139476F6-80B9-4640-87F4-6D59D0E2DC73}.Release|Any CPU.Build.0 = Release|Any CPU
		{DDDB44CB-8AE7-435F-88C2-3610FD1CD27F}.Debug|Any CPU.ActiveCfg = Debug|Any CPU
		{DDDB44CB-8AE7-435F-88C2-3610FD1CD27F}.Debug|Any CPU.Build.0 = Debug|Any CPU
		{DDDB44CB-8AE7-435F-88C2-3610FD1CD27F}.Release|Any CPU.ActiveCfg = Release|Any CPU
		{DDDB44CB-8AE7-435F-88C2-3610FD1CD27F}.Release|Any CPU.Build.0 = Release|Any CPU
		{59CB3AA0-92CF-4F15-9D21-9EFCEE80E0B2}.Debug|Any CPU.ActiveCfg = Debug|Any CPU
		{59CB3AA0-92CF-4F15-9D21-9EFCEE80E0B2}.Debug|Any CPU.Build.0 = Debug|Any CPU
		{59CB3AA0-92CF-4F15-9D21-9EFCEE80E0B2}.Release|Any CPU.ActiveCfg = Release|Any CPU
		{59CB3AA0-92CF-4F15-9D21-9EFCEE80E0B2}.Release|Any CPU.Build.0 = Release|Any CPU
	EndGlobalSection
EndGlobal
