
Microsoft Visual Studio Solution File, Format Version 12.00
Project("{FAE04EC0-301F-11D3-BF4B-00C04F79EFBC}") = "Exc1", "Exc1\Exc1.csproj", "{8DFEB61D-794F-4A8C-84BB-8E17F49539A3}"
EndProject
Project("{FAE04EC0-301F-11D3-BF4B-00C04F79EFBC}") = "Exc2", "Exc2\Exc2.csproj", "{112DFAC7-0B68-4C89-85A4-59BC5115F18E}"
EndProject
Project("{FAE04EC0-301F-11D3-BF4B-00C04F79EFBC}") = "Exc3", "Exc3\Exc3.csproj", "{315964F0-0EC1-4AB2-8CC8-0949CD717DFE}"
EndProject
Project("{FAE04EC0-301F-11D3-BF4B-00C04F79EFBC}") = "Exc4", "Exc4\Exc4.csproj", "{1309820B-00AE-443F-8F9A-145EB2CCE19D}"
EndProject
Project("{FAE04EC0-301F-11D3-BF4B-00C04F79EFBC}") = "Exc5", "Exc5\Exc5.csproj", "{C37E5D58-6496-4838-9BA5-3827CF898D03}"
EndProject
Project("{FAE04EC0-301F-11D3-BF4B-00C04F79EFBC}") = "Exc6", "Exc6\Exc6.csproj", "{06BA2FD6-259C-4B21-924E-1EC866C4AE2F}"
EndProject
Project("{FAE04EC0-301F-11D3-BF4B-00C04F79EFBC}") = "Exc7", "Exc7\Exc7.csproj", "{A5E73DAF-F2EE-49E8-AA9E-AAA07312235E}"
EndProject
Project("{FAE04EC0-301F-11D3-BF4B-00C04F79EFBC}") = "Exc8", "Exc8\Exc8.csproj", "{31595443-B73F-4894-A66C-2901B3BB01E8}"
EndProject
Project("{FAE04EC0-301F-11D3-BF4B-00C04F79EFBC}") = "Exc9", "Exc9\Exc9.csproj", "{8B7DBAAE-3043-46F6-96B4-7018616BDAE3}"
EndProject
Project("{FAE04EC0-301F-11D3-BF4B-00C04F79EFBC}") = "Exc10", "Exc10\Exc10.csproj", "{F5F6491E-E380-45A1-BBAC-73880B544A09}"
EndProject
Global
	GlobalSection(SolutionConfigurationPlatforms) = preSolution
		Debug|Any CPU = Debug|Any CPU
		Release|Any CPU = Release|Any CPU
	EndGlobalSection
	GlobalSection(ProjectConfigurationPlatforms) = postSolution
		{8DFEB61D-794F-4A8C-84BB-8E17F49539A3}.Debug|Any CPU.ActiveCfg = Debug|Any CPU
		{8DFEB61D-794F-4A8C-84BB-8E17F49539A3}.Debug|Any CPU.Build.0 = Debug|Any CPU
		{8DFEB61D-794F-4A8C-84BB-8E17F49539A3}.Release|Any CPU.ActiveCfg = Release|Any CPU
		{8DFEB61D-794F-4A8C-84BB-8E17F49539A3}.Release|Any CPU.Build.0 = Release|Any CPU
		{112DFAC7-0B68-4C89-85A4-59BC5115F18E}.Debug|Any CPU.ActiveCfg = Debug|Any CPU
		{112DFAC7-0B68-4C89-85A4-59BC5115F18E}.Debug|Any CPU.Build.0 = Debug|Any CPU
		{112DFAC7-0B68-4C89-85A4-59BC5115F18E}.Release|Any CPU.ActiveCfg = Release|Any CPU
		{112DFAC7-0B68-4C89-85A4-59BC5115F18E}.Release|Any CPU.Build.0 = Release|Any CPU
		{315964F0-0EC1-4AB2-8CC8-0949CD717DFE}.Debug|Any CPU.ActiveCfg = Debug|Any CPU
		{315964F0-0EC1-4AB2-8CC8-0949CD717DFE}.Debug|Any CPU.Build.0 = Debug|Any CPU
		{315964F0-0EC1-4AB2-8CC8-0949CD717DFE}.Release|Any CPU.ActiveCfg = Release|Any CPU
		{315964F0-0EC1-4AB2-8CC8-0949CD717DFE}.Release|Any CPU.Build.0 = Release|Any CPU
		{1309820B-00AE-443F-8F9A-145EB2CCE19D}.Debug|Any CPU.ActiveCfg = Debug|Any CPU
		{1309820B-00AE-443F-8F9A-145EB2CCE19D}.Debug|Any CPU.Build.0 = Debug|Any CPU
		{1309820B-00AE-443F-8F9A-145EB2CCE19D}.Release|Any CPU.ActiveCfg = Release|Any CPU
		{1309820B-00AE-443F-8F9A-145EB2CCE19D}.Release|Any CPU.Build.0 = Release|Any CPU
		{C37E5D58-6496-4838-9BA5-3827CF898D03}.Debug|Any CPU.ActiveCfg = Debug|Any CPU
		{C37E5D58-6496-4838-9BA5-3827CF898D03}.Debug|Any CPU.Build.0 = Debug|Any CPU
		{C37E5D58-6496-4838-9BA5-3827CF898D03}.Release|Any CPU.ActiveCfg = Release|Any CPU
		{C37E5D58-6496-4838-9BA5-3827CF898D03}.Release|Any CPU.Build.0 = Release|Any CPU
		{06BA2FD6-259C-4B21-924E-1EC866C4AE2F}.Debug|Any CPU.ActiveCfg = Debug|Any CPU
		{06BA2FD6-259C-4B21-924E-1EC866C4AE2F}.Debug|Any CPU.Build.0 = Debug|Any CPU
		{06BA2FD6-259C-4B21-924E-1EC866C4AE2F}.Release|Any CPU.ActiveCfg = Release|Any CPU
		{06BA2FD6-259C-4B21-924E-1EC866C4AE2F}.Release|Any CPU.Build.0 = Release|Any CPU
		{A5E73DAF-F2EE-49E8-AA9E-AAA07312235E}.Debug|Any CPU.ActiveCfg = Debug|Any CPU
		{A5E73DAF-F2EE-49E8-AA9E-AAA07312235E}.Debug|Any CPU.Build.0 = Debug|Any CPU
		{A5E73DAF-F2EE-49E8-AA9E-AAA07312235E}.Release|Any CPU.ActiveCfg = Release|Any CPU
		{A5E73DAF-F2EE-49E8-AA9E-AAA07312235E}.Release|Any CPU.Build.0 = Release|Any CPU
		{31595443-B73F-4894-A66C-2901B3BB01E8}.Debug|Any CPU.ActiveCfg = Debug|Any CPU
		{31595443-B73F-4894-A66C-2901B3BB01E8}.Debug|Any CPU.Build.0 = Debug|Any CPU
		{31595443-B73F-4894-A66C-2901B3BB01E8}.Release|Any CPU.ActiveCfg = Release|Any CPU
		{31595443-B73F-4894-A66C-2901B3BB01E8}.Release|Any CPU.Build.0 = Release|Any CPU
		{8B7DBAAE-3043-46F6-96B4-7018616BDAE3}.Debug|Any CPU.ActiveCfg = Debug|Any CPU
		{8B7DBAAE-3043-46F6-96B4-7018616BDAE3}.Debug|Any CPU.Build.0 = Debug|Any CPU
		{8B7DBAAE-3043-46F6-96B4-7018616BDAE3}.Release|Any CPU.ActiveCfg = Release|Any CPU
		{8B7DBAAE-3043-46F6-96B4-7018616BDAE3}.Release|Any CPU.Build.0 = Release|Any CPU
		{F5F6491E-E380-45A1-BBAC-73880B544A09}.Debug|Any CPU.ActiveCfg = Debug|Any CPU
		{F5F6491E-E380-45A1-BBAC-73880B544A09}.Debug|Any CPU.Build.0 = Debug|Any CPU
		{F5F6491E-E380-45A1-BBAC-73880B544A09}.Release|Any CPU.ActiveCfg = Release|Any CPU
		{F5F6491E-E380-45A1-BBAC-73880B544A09}.Release|Any CPU.Build.0 = Release|Any CPU
	EndGlobalSection
EndGlobal
